// !$*UTF8*$!
{
	archiveVersion = 1;
	classes = {
	};
	objectVersion = 56;
	objects = {

/* Begin PBXBuildFile section */
		115BEF3C2B877AE7009296C1 /* CustomList.swift in Sources */ = {isa = PBXBuildFile; fileRef = 115BEF3B2B877AE7009296C1 /* CustomList.swift */; };
		11B2CB712B861F120021E1F0 /* H4X0R_NewsApp.swift in Sources */ = {isa = PBXBuildFile; fileRef = 11B2CB702B861F120021E1F0 /* H4X0R_NewsApp.swift */; };
		11B2CB732B861F120021E1F0 /* ContentView.swift in Sources */ = {isa = PBXBuildFile; fileRef = 11B2CB722B861F120021E1F0 /* ContentView.swift */; };
		11B2CB752B861F160021E1F0 /* Assets.xcassets in Resources */ = {isa = PBXBuildFile; fileRef = 11B2CB742B861F160021E1F0 /* Assets.xcassets */; };
		11B2CB782B861F160021E1F0 /* Preview Assets.xcassets in Resources */ = {isa = PBXBuildFile; fileRef = 11B2CB772B861F160021E1F0 /* Preview Assets.xcassets */; };
		11B2CB802B863CDC0021E1F0 /* NetworkManager.swift in Sources */ = {isa = PBXBuildFile; fileRef = 11B2CB7F2B863CDC0021E1F0 /* NetworkManager.swift */; };
		11B2CB822B863FFE0021E1F0 /* PostData.swift in Sources */ = {isa = PBXBuildFile; fileRef = 11B2CB812B863FFE0021E1F0 /* PostData.swift */; };
		11B2CB8E2B876C2B0021E1F0 /* Merge.swift in Sources */ = {isa = PBXBuildFile; fileRef = 11B2CB832B876C280021E1F0 /* Merge.swift */; };
		11B2CB8F2B876C2B0021E1F0 /* _highlightResult.swift in Sources */ = {isa = PBXBuildFile; fileRef = 11B2CB842B876C280021E1F0 /* _highlightResult.swift */; };
		11B2CB902B876C2B0021E1F0 /* Url.swift in Sources */ = {isa = PBXBuildFile; fileRef = 11B2CB852B876C280021E1F0 /* Url.swift */; };
		11B2CB912B876C2B0021E1F0 /* _request.swift in Sources */ = {isa = PBXBuildFile; fileRef = 11B2CB862B876C280021E1F0 /* _request.swift */; };
		11B2CB922B876C2B0021E1F0 /* Hits.swift in Sources */ = {isa = PBXBuildFile; fileRef = 11B2CB872B876C290021E1F0 /* Hits.swift */; };
		11B2CB932B876C2B0021E1F0 /* Title.swift in Sources */ = {isa = PBXBuildFile; fileRef = 11B2CB882B876C290021E1F0 /* Title.swift */; };
		11B2CB942B876C2B0021E1F0 /* ProcessingTimingsMS.swift in Sources */ = {isa = PBXBuildFile; fileRef = 11B2CB892B876C2A0021E1F0 /* ProcessingTimingsMS.swift */; };
		11B2CB952B876C2B0021E1F0 /* Author.swift in Sources */ = {isa = PBXBuildFile; fileRef = 11B2CB8A2B876C2A0021E1F0 /* Author.swift */; };
		11B2CB962B876C2B0021E1F0 /* AfterFetch.swift in Sources */ = {isa = PBXBuildFile; fileRef = 11B2CB8B2B876C2A0021E1F0 /* AfterFetch.swift */; };
		11B2CB972B876C2B0021E1F0 /* Json4Swift_Base.swift in Sources */ = {isa = PBXBuildFile; fileRef = 11B2CB8C2B876C2A0021E1F0 /* Json4Swift_Base.swift */; };
		11B2CB982B876C2B0021E1F0 /* Exhaustive.swift in Sources */ = {isa = PBXBuildFile; fileRef = 11B2CB8D2B876C2B0021E1F0 /* Exhaustive.swift */; };
/* End PBXBuildFile section */

/* Begin PBXFileReference section */
		115BEF3B2B877AE7009296C1 /* CustomList.swift */ = {isa = PBXFileReference; lastKnownFileType = sourcecode.swift; path = CustomList.swift; sourceTree = "<group>"; };
		11B2CB6D2B861F120021E1F0 /* H4X0R News.app */ = {isa = PBXFileReference; explicitFileType = wrapper.application; includeInIndex = 0; path = "H4X0R News.app"; sourceTree = BUILT_PRODUCTS_DIR; };
		11B2CB702B861F120021E1F0 /* H4X0R_NewsApp.swift */ = {isa = PBXFileReference; lastKnownFileType = sourcecode.swift; path = H4X0R_NewsApp.swift; sourceTree = "<group>"; };
		11B2CB722B861F120021E1F0 /* ContentView.swift */ = {isa = PBXFileReference; lastKnownFileType = sourcecode.swift; path = ContentView.swift; sourceTree = "<group>"; };
		11B2CB742B861F160021E1F0 /* Assets.xcassets */ = {isa = PBXFileReference; lastKnownFileType = folder.assetcatalog; path = Assets.xcassets; sourceTree = "<group>"; };
		11B2CB772B861F160021E1F0 /* Preview Assets.xcassets */ = {isa = PBXFileReference; lastKnownFileType = folder.assetcatalog; path = "Preview Assets.xcassets"; sourceTree = "<group>"; };
		11B2CB7F2B863CDC0021E1F0 /* NetworkManager.swift */ = {isa = PBXFileReference; lastKnownFileType = sourcecode.swift; path = NetworkManager.swift; sourceTree = "<group>"; };
		11B2CB812B863FFE0021E1F0 /* PostData.swift */ = {isa = PBXFileReference; lastKnownFileType = sourcecode.swift; path = PostData.swift; sourceTree = "<group>"; };
		11B2CB832B876C280021E1F0 /* Merge.swift */ = {isa = PBXFileReference; fileEncoding = 4; lastKnownFileType = sourcecode.swift; path = Merge.swift; sourceTree = "<group>"; };
		11B2CB842B876C280021E1F0 /* _highlightResult.swift */ = {isa = PBXFileReference; fileEncoding = 4; lastKnownFileType = sourcecode.swift; path = _highlightResult.swift; sourceTree = "<group>"; };
		11B2CB852B876C280021E1F0 /* Url.swift */ = {isa = PBXFileReference; fileEncoding = 4; lastKnownFileType = sourcecode.swift; path = Url.swift; sourceTree = "<group>"; };
		11B2CB862B876C280021E1F0 /* _request.swift */ = {isa = PBXFileReference; fileEncoding = 4; lastKnownFileType = sourcecode.swift; path = _request.swift; sourceTree = "<group>"; };
		11B2CB872B876C290021E1F0 /* Hits.swift */ = {isa = PBXFileReference; fileEncoding = 4; lastKnownFileType = sourcecode.swift; path = Hits.swift; sourceTree = "<group>"; };
		11B2CB882B876C290021E1F0 /* Title.swift */ = {isa = PBXFileReference; fileEncoding = 4; lastKnownFileType = sourcecode.swift; path = Title.swift; sourceTree = "<group>"; };
		11B2CB892B876C2A0021E1F0 /* ProcessingTimingsMS.swift */ = {isa = PBXFileReference; fileEncoding = 4; lastKnownFileType = sourcecode.swift; path = ProcessingTimingsMS.swift; sourceTree = "<group>"; };
		11B2CB8A2B876C2A0021E1F0 /* Author.swift */ = {isa = PBXFileReference; fileEncoding = 4; lastKnownFileType = sourcecode.swift; path = Author.swift; sourceTree = "<group>"; };
		11B2CB8B2B876C2A0021E1F0 /* AfterFetch.swift */ = {isa = PBXFileReference; fileEncoding = 4; lastKnownFileType = sourcecode.swift; path = AfterFetch.swift; sourceTree = "<group>"; };
		11B2CB8C2B876C2A0021E1F0 /* Json4Swift_Base.swift */ = {isa = PBXFileReference; fileEncoding = 4; lastKnownFileType = sourcecode.swift; path = Json4Swift_Base.swift; sourceTree = "<group>"; };
		11B2CB8D2B876C2B0021E1F0 /* Exhaustive.swift */ = {isa = PBXFileReference; fileEncoding = 4; lastKnownFileType = sourcecode.swift; path = Exhaustive.swift; sourceTree = "<group>"; };
/* End PBXFileReference section */

/* Begin PBXFrameworksBuildPhase section */
		11B2CB6A2B861F120021E1F0 /* Frameworks */ = {
			isa = PBXFrameworksBuildPhase;
			buildActionMask = 2147483647;
			files = (
			);
			runOnlyForDeploymentPostprocessing = 0;
		};
/* End PBXFrameworksBuildPhase section */

/* Begin PBXGroup section */
		115BEF392B877ACD009296C1 /* Views */ = {
			isa = PBXGroup;
			children = (
				11B2CB722B861F120021E1F0 /* ContentView.swift */,
			);
			path = Views;
			sourceTree = "<group>";
		};
		115BEF3A2B877AD7009296C1 /* CustomViews */ = {
			isa = PBXGroup;
			children = (
				115BEF3B2B877AE7009296C1 /* CustomList.swift */,
			);
			path = CustomViews;
			sourceTree = "<group>";
		};
		11B2CB642B861F120021E1F0 = {
			isa = PBXGroup;
			children = (
				11B2CB6F2B861F120021E1F0 /* H4X0R News */,
				11B2CB6E2B861F120021E1F0 /* Products */,
			);
			sourceTree = "<group>";
		};
		11B2CB6E2B861F120021E1F0 /* Products */ = {
			isa = PBXGroup;
			children = (
				11B2CB6D2B861F120021E1F0 /* H4X0R News.app */,
			);
			name = Products;
			sourceTree = "<group>";
		};
		11B2CB6F2B861F120021E1F0 /* H4X0R News */ = {
			isa = PBXGroup;
			children = (
				115BEF3A2B877AD7009296C1 /* CustomViews */,
				115BEF392B877ACD009296C1 /* Views */,
				11B2CB7E2B8629D20021E1F0 /* Models */,
				11B2CB702B861F120021E1F0 /* H4X0R_NewsApp.swift */,
				11B2CB742B861F160021E1F0 /* Assets.xcassets */,
				11B2CB762B861F160021E1F0 /* Preview Content */,
			);
			path = "H4X0R News";
			sourceTree = "<group>";
		};
		11B2CB762B861F160021E1F0 /* Preview Content */ = {
			isa = PBXGroup;
			children = (
				11B2CB772B861F160021E1F0 /* Preview Assets.xcassets */,
			);
			path = "Preview Content";
			sourceTree = "<group>";
		};
		11B2CB7E2B8629D20021E1F0 /* Models */ = {
			isa = PBXGroup;
			children = (
				11B2CB842B876C280021E1F0 /* _highlightResult.swift */,
				11B2CB862B876C280021E1F0 /* _request.swift */,
				11B2CB8B2B876C2A0021E1F0 /* AfterFetch.swift */,
				11B2CB8A2B876C2A0021E1F0 /* Author.swift */,
				11B2CB8D2B876C2B0021E1F0 /* Exhaustive.swift */,
				11B2CB872B876C290021E1F0 /* Hits.swift */,
				11B2CB8C2B876C2A0021E1F0 /* Json4Swift_Base.swift */,
				11B2CB832B876C280021E1F0 /* Merge.swift */,
				11B2CB892B876C2A0021E1F0 /* ProcessingTimingsMS.swift */,
				11B2CB882B876C290021E1F0 /* Title.swift */,
				11B2CB852B876C280021E1F0 /* Url.swift */,
				11B2CB7F2B863CDC0021E1F0 /* NetworkManager.swift */,
				11B2CB812B863FFE0021E1F0 /* PostData.swift */,
			);
			path = Models;
			sourceTree = "<group>";
		};
/* End PBXGroup section */

/* Begin PBXNativeTarget section */
		11B2CB6C2B861F120021E1F0 /* H4X0R News */ = {
			isa = PBXNativeTarget;
			buildConfigurationList = 11B2CB7B2B861F160021E1F0 /* Build configuration list for PBXNativeTarget "H4X0R News" */;
			buildPhases = (
				11B2CB692B861F120021E1F0 /* Sources */,
				11B2CB6A2B861F120021E1F0 /* Frameworks */,
				11B2CB6B2B861F120021E1F0 /* Resources */,
			);
			buildRules = (
			);
			dependencies = (
			);
			name = "H4X0R News";
			productName = "H4X0R News";
			productReference = 11B2CB6D2B861F120021E1F0 /* H4X0R News.app */;
			productType = "com.apple.product-type.application";
		};
/* End PBXNativeTarget section */

/* Begin PBXProject section */
		11B2CB652B861F120021E1F0 /* Project object */ = {
			isa = PBXProject;
			attributes = {
				BuildIndependentTargetsInParallel = 1;
				LastSwiftUpdateCheck = 1420;
				LastUpgradeCheck = 1420;
				TargetAttributes = {
					11B2CB6C2B861F120021E1F0 = {
						CreatedOnToolsVersion = 14.2;
					};
				};
			};
			buildConfigurationList = 11B2CB682B861F120021E1F0 /* Build configuration list for PBXProject "H4X0R News" */;
			compatibilityVersion = "Xcode 14.0";
			developmentRegion = en;
			hasScannedForEncodings = 0;
			knownRegions = (
				en,
				Base,
			);
			mainGroup = 11B2CB642B861F120021E1F0;
			productRefGroup = 11B2CB6E2B861F120021E1F0 /* Products */;
			projectDirPath = "";
			projectRoot = "";
			targets = (
				11B2CB6C2B861F120021E1F0 /* H4X0R News */,
			);
		};
/* End PBXProject section */

/* Begin PBXResourcesBuildPhase section */
		11B2CB6B2B861F120021E1F0 /* Resources */ = {
			isa = PBXResourcesBuildPhase;
			buildActionMask = 2147483647;
			files = (
				11B2CB782B861F160021E1F0 /* Preview Assets.xcassets in Resources */,
				11B2CB752B861F160021E1F0 /* Assets.xcassets in Resources */,
			);
			runOnlyForDeploymentPostprocessing = 0;
		};
/* End PBXResourcesBuildPhase section */

/* Begin PBXSourcesBuildPhase section */
		11B2CB692B861F120021E1F0 /* Sources */ = {
			isa = PBXSourcesBuildPhase;
			buildActionMask = 2147483647;
			files = (
				11B2CB932B876C2B0021E1F0 /* Title.swift in Sources */,
				11B2CB962B876C2B0021E1F0 /* AfterFetch.swift in Sources */,
				115BEF3C2B877AE7009296C1 /* CustomList.swift in Sources */,
				11B2CB8E2B876C2B0021E1F0 /* Merge.swift in Sources */,
				11B2CB912B876C2B0021E1F0 /* _request.swift in Sources */,
				11B2CB942B876C2B0021E1F0 /* ProcessingTimingsMS.swift in Sources */,
				11B2CB982B876C2B0021E1F0 /* Exhaustive.swift in Sources */,
				11B2CB972B876C2B0021E1F0 /* Json4Swift_Base.swift in Sources */,
				11B2CB802B863CDC0021E1F0 /* NetworkManager.swift in Sources */,
				11B2CB902B876C2B0021E1F0 /* Url.swift in Sources */,
				11B2CB952B876C2B0021E1F0 /* Author.swift in Sources */,
				11B2CB822B863FFE0021E1F0 /* PostData.swift in Sources */,
				11B2CB732B861F120021E1F0 /* ContentView.swift in Sources */,
				11B2CB712B861F120021E1F0 /* H4X0R_NewsApp.swift in Sources */,
				11B2CB8F2B876C2B0021E1F0 /* _highlightResult.swift in Sources */,
				11B2CB922B876C2B0021E1F0 /* Hits.swift in Sources */,
			);
			runOnlyForDeploymentPostprocessing = 0;
		};
/* End PBXSourcesBuildPhase section */

/* Begin XCBuildConfiguration section */
		11B2CB792B861F160021E1F0 /* Debug */ = {
			isa = XCBuildConfiguration;
			buildSettings = {
				ALWAYS_SEARCH_USER_PATHS = NO;
				CLANG_ANALYZER_NONNULL = YES;
				CLANG_ANALYZER_NUMBER_OBJECT_CONVERSION = YES_AGGRESSIVE;
				CLANG_CXX_LANGUAGE_STANDARD = "gnu++20";
				CLANG_ENABLE_MODULES = YES;
				CLANG_ENABLE_OBJC_ARC = YES;
				CLANG_ENABLE_OBJC_WEAK = YES;
				CLANG_WARN_BLOCK_CAPTURE_AUTORELEASING = YES;
				CLANG_WARN_BOOL_CONVERSION = YES;
				CLANG_WARN_COMMA = YES;
				CLANG_WARN_CONSTANT_CONVERSION = YES;
				CLANG_WARN_DEPRECATED_OBJC_IMPLEMENTATIONS = YES;
				CLANG_WARN_DIRECT_OBJC_ISA_USAGE = YES_ERROR;
				CLANG_WARN_DOCUMENTATION_COMMENTS = YES;
				CLANG_WARN_EMPTY_BODY = YES;
				CLANG_WARN_ENUM_CONVERSION = YES;
				CLANG_WARN_INFINITE_RECURSION = YES;
				CLANG_WARN_INT_CONVERSION = YES;
				CLANG_WARN_NON_LITERAL_NULL_CONVERSION = YES;
				CLANG_WARN_OBJC_IMPLICIT_RETAIN_SELF = YES;
				CLANG_WARN_OBJC_LITERAL_CONVERSION = YES;
				CLANG_WARN_OBJC_ROOT_CLASS = YES_ERROR;
				CLANG_WARN_QUOTED_INCLUDE_IN_FRAMEWORK_HEADER = YES;
				CLANG_WARN_RANGE_LOOP_ANALYSIS = YES;
				CLANG_WARN_STRICT_PROTOTYPES = YES;
				CLANG_WARN_SUSPICIOUS_MOVE = YES;
				CLANG_WARN_UNGUARDED_AVAILABILITY = YES_AGGRESSIVE;
				CLANG_WARN_UNREACHABLE_CODE = YES;
				CLANG_WARN__DUPLICATE_METHOD_MATCH = YES;
				COPY_PHASE_STRIP = NO;
				DEBUG_INFORMATION_FORMAT = dwarf;
				ENABLE_STRICT_OBJC_MSGSEND = YES;
				ENABLE_TESTABILITY = YES;
				GCC_C_LANGUAGE_STANDARD = gnu11;
				GCC_DYNAMIC_NO_PIC = NO;
				GCC_NO_COMMON_BLOCKS = YES;
				GCC_OPTIMIZATION_LEVEL = 0;
				GCC_PREPROCESSOR_DEFINITIONS = (
					"DEBUG=1",
					"$(inherited)",
				);
				GCC_WARN_64_TO_32_BIT_CONVERSION = YES;
				GCC_WARN_ABOUT_RETURN_TYPE = YES_ERROR;
				GCC_WARN_UNDECLARED_SELECTOR = YES;
				GCC_WARN_UNINITIALIZED_AUTOS = YES_AGGRESSIVE;
				GCC_WARN_UNUSED_FUNCTION = YES;
				GCC_WARN_UNUSED_VARIABLE = YES;
				IPHONEOS_DEPLOYMENT_TARGET = 16.2;
				MTL_ENABLE_DEBUG_INFO = INCLUDE_SOURCE;
				MTL_FAST_MATH = YES;
				ONLY_ACTIVE_ARCH = YES;
				SDKROOT = iphoneos;
				SWIFT_ACTIVE_COMPILATION_CONDITIONS = DEBUG;
				SWIFT_OPTIMIZATION_LEVEL = "-Onone";
			};
			name = Debug;
		};
		11B2CB7A2B861F160021E1F0 /* Release */ = {
			isa = XCBuildConfiguration;
			buildSettings = {
				ALWAYS_SEARCH_USER_PATHS = NO;
				CLANG_ANALYZER_NONNULL = YES;
				CLANG_ANALYZER_NUMBER_OBJECT_CONVERSION = YES_AGGRESSIVE;
				CLANG_CXX_LANGUAGE_STANDARD = "gnu++20";
				CLANG_ENABLE_MODULES = YES;
				CLANG_ENABLE_OBJC_ARC = YES;
				CLANG_ENABLE_OBJC_WEAK = YES;
				CLANG_WARN_BLOCK_CAPTURE_AUTORELEASING = YES;
				CLANG_WARN_BOOL_CONVERSION = YES;
				CLANG_WARN_COMMA = YES;
				CLANG_WARN_CONSTANT_CONVERSION = YES;
				CLANG_WARN_DEPRECATED_OBJC_IMPLEMENTATIONS = YES;
				CLANG_WARN_DIRECT_OBJC_ISA_USAGE = YES_ERROR;
				CLANG_WARN_DOCUMENTATION_COMMENTS = YES;
				CLANG_WARN_EMPTY_BODY = YES;
				CLANG_WARN_ENUM_CONVERSION = YES;
				CLANG_WARN_INFINITE_RECURSION = YES;
				CLANG_WARN_INT_CONVERSION = YES;
				CLANG_WARN_NON_LITERAL_NULL_CONVERSION = YES;
				CLANG_WARN_OBJC_IMPLICIT_RETAIN_SELF = YES;
				CLANG_WARN_OBJC_LITERAL_CONVERSION = YES;
				CLANG_WARN_OBJC_ROOT_CLASS = YES_ERROR;
				CLANG_WARN_QUOTED_INCLUDE_IN_FRAMEWORK_HEADER = YES;
				CLANG_WARN_RANGE_LOOP_ANALYSIS = YES;
				CLANG_WARN_STRICT_PROTOTYPES = YES;
				CLANG_WARN_SUSPICIOUS_MOVE = YES;
				CLANG_WARN_UNGUARDED_AVAILABILITY = YES_AGGRESSIVE;
				CLANG_WARN_UNREACHABLE_CODE = YES;
				CLANG_WARN__DUPLICATE_METHOD_MATCH = YES;
				COPY_PHASE_STRIP = NO;
				DEBUG_INFORMATION_FORMAT = "dwarf-with-dsym";
				ENABLE_NS_ASSERTIONS = NO;
				ENABLE_STRICT_OBJC_MSGSEND = YES;
				GCC_C_LANGUAGE_STANDARD = gnu11;
				GCC_NO_COMMON_BLOCKS = YES;
				GCC_WARN_64_TO_32_BIT_CONVERSION = YES;
				GCC_WARN_ABOUT_RETURN_TYPE = YES_ERROR;
				GCC_WARN_UNDECLARED_SELECTOR = YES;
				GCC_WARN_UNINITIALIZED_AUTOS = YES_AGGRESSIVE;
				GCC_WARN_UNUSED_FUNCTION = YES;
				GCC_WARN_UNUSED_VARIABLE = YES;
				IPHONEOS_DEPLOYMENT_TARGET = 16.2;
				MTL_ENABLE_DEBUG_INFO = NO;
				MTL_FAST_MATH = YES;
				SDKROOT = iphoneos;
				SWIFT_COMPILATION_MODE = wholemodule;
				SWIFT_OPTIMIZATION_LEVEL = "-O";
				VALIDATE_PRODUCT = YES;
			};
			name = Release;
		};
		11B2CB7C2B861F160021E1F0 /* Debug */ = {
			isa = XCBuildConfiguration;
			buildSettings = {
				ASSETCATALOG_COMPILER_APPICON_NAME = AppIcon;
				ASSETCATALOG_COMPILER_GLOBAL_ACCENT_COLOR_NAME = AccentColor;
				CODE_SIGN_STYLE = Automatic;
				CURRENT_PROJECT_VERSION = 1;
				DEVELOPMENT_ASSET_PATHS = "\"H4X0R News/Preview Content\"";
				DEVELOPMENT_TEAM = KMC2X3C2TU;
				ENABLE_PREVIEWS = YES;
				GENERATE_INFOPLIST_FILE = YES;
				INFOPLIST_KEY_UIApplicationSceneManifest_Generation = YES;
				INFOPLIST_KEY_UIApplicationSupportsIndirectInputEvents = YES;
				INFOPLIST_KEY_UILaunchScreen_Generation = YES;
				INFOPLIST_KEY_UISupportedInterfaceOrientations_iPad = "UIInterfaceOrientationPortrait UIInterfaceOrientationPortraitUpsideDown UIInterfaceOrientationLandscapeLeft UIInterfaceOrientationLandscapeRight";
				INFOPLIST_KEY_UISupportedInterfaceOrientations_iPhone = "UIInterfaceOrientationPortrait UIInterfaceOrientationLandscapeLeft UIInterfaceOrientationLandscapeRight";
				LD_RUNPATH_SEARCH_PATHS = (
					"$(inherited)",
					"@executable_path/Frameworks",
				);
				MARKETING_VERSION = 1.0;
				PRODUCT_BUNDLE_IDENTIFIER = "sdfsff.com.H4X0R-News";
				PRODUCT_NAME = "$(TARGET_NAME)";
				SWIFT_EMIT_LOC_STRINGS = YES;
				SWIFT_VERSION = 5.0;
				TARGETED_DEVICE_FAMILY = "1,2";
			};
			name = Debug;
		};
		11B2CB7D2B861F160021E1F0 /* Release */ = {
			isa = XCBuildConfiguration;
			buildSettings = {
				ASSETCATALOG_COMPILER_APPICON_NAME = AppIcon;
				ASSETCATALOG_COMPILER_GLOBAL_ACCENT_COLOR_NAME = AccentColor;
				CODE_SIGN_STYLE = Automatic;
				CURRENT_PROJECT_VERSION = 1;
				DEVELOPMENT_ASSET_PATHS = "\"H4X0R News/Preview Content\"";
				DEVELOPMENT_TEAM = KMC2X3C2TU;
				ENABLE_PREVIEWS = YES;
				GENERATE_INFOPLIST_FILE = YES;
				INFOPLIST_KEY_UIApplicationSceneManifest_Generation = YES;
				INFOPLIST_KEY_UIApplicationSupportsIndirectInputEvents = YES;
				INFOPLIST_KEY_UILaunchScreen_Generation = YES;
				INFOPLIST_KEY_UISupportedInterfaceOrientations_iPad = "UIInterfaceOrientationPortrait UIInterfaceOrientationPortraitUpsideDown UIInterfaceOrientationLandscapeLeft UIInterfaceOrientationLandscapeRight";
				INFOPLIST_KEY_UISupportedInterfaceOrientations_iPhone = "UIInterfaceOrientationPortrait UIInterfaceOrientationLandscapeLeft UIInterfaceOrientationLandscapeRight";
				LD_RUNPATH_SEARCH_PATHS = (
					"$(inherited)",
					"@executable_path/Frameworks",
				);
				MARKETING_VERSION = 1.0;
				PRODUCT_BUNDLE_IDENTIFIER = "sdfsff.com.H4X0R-News";
				PRODUCT_NAME = "$(TARGET_NAME)";
				SWIFT_EMIT_LOC_STRINGS = YES;
				SWIFT_VERSION = 5.0;
				TARGETED_DEVICE_FAMILY = "1,2";
			};
			name = Release;
		};
/* End XCBuildConfiguration section */

/* Begin XCConfigurationList section */
		11B2CB682B861F120021E1F0 /* Build configuration list for PBXProject "H4X0R News" */ = {
			isa = XCConfigurationList;
			buildConfigurations = (
				11B2CB792B861F160021E1F0 /* Debug */,
				11B2CB7A2B861F160021E1F0 /* Release */,
			);
			defaultConfigurationIsVisible = 0;
			defaultConfigurationName = Release;
		};
		11B2CB7B2B861F160021E1F0 /* Build configuration list for PBXNativeTarget "H4X0R News" */ = {
			isa = XCConfigurationList;
			buildConfigurations = (
				11B2CB7C2B861F160021E1F0 /* Debug */,
				11B2CB7D2B861F160021E1F0 /* Release */,
			);
			defaultConfigurationIsVisible = 0;
			defaultConfigurationName = Release;
		};
/* End XCConfigurationList section */
	};
	rootObject = 11B2CB652B861F120021E1F0 /* Project object */;
}
